
Microsoft Visual Studio Solution File, Format Version 12.00
# Visual Studio 14
VisualStudioVersion = 14.0.25420.1
MinimumVisualStudioVersion = 10.0.40219.1
Project("{FAE04EC0-301F-11D3-BF4B-00C04F79EFBC}") = "SnowballBudget.Logic", "SnowballBudget.Logic\SnowballBudget.Logic.csproj", "{2FFE81CC-05F2-4FF5-88FD-2101AD64B6B8}"
EndProject
Project("{FAE04EC0-301F-11D3-BF4B-00C04F79EFBC}") = "SnowballBudget.Data", "SnowballBudget.Data\SnowballBudget.Data.csproj", "{6D3424F6-2F65-42EB-83AF-0F4C2186B898}"
EndProject
Project("{FAE04EC0-301F-11D3-BF4B-00C04F79EFBC}") = "SnowballBudget.Console", "SnowballBudget.Console\SnowballBudget.Console.csproj", "{42ECBDFA-C913-4614-87CE-C722CB938E74}"
EndProject
Global
	GlobalSection(SolutionConfigurationPlatforms) = preSolution
		Debug|Any CPU = Debug|Any CPU
		Release|Any CPU = Release|Any CPU
	EndGlobalSection
	GlobalSection(ProjectConfigurationPlatforms) = postSolution
		{2FFE81CC-05F2-4FF5-88FD-2101AD64B6B8}.Debug|Any CPU.ActiveCfg = Debug|Any CPU
		{2FFE81CC-05F2-4FF5-88FD-2101AD64B6B8}.Debug|Any CPU.Build.0 = Debug|Any CPU
		{2FFE81CC-05F2-4FF5-88FD-2101AD64B6B8}.Release|Any CPU.ActiveCfg = Release|Any CPU
		{2FFE81CC-05F2-4FF5-88FD-2101AD64B6B8}.Release|Any CPU.Build.0 = Release|Any CPU
		{6D3424F6-2F65-42EB-83AF-0F4C2186B898}.Debug|Any CPU.ActiveCfg = Debug|Any CPU
		{6D3424F6-2F65-42EB-83AF-0F4C2186B898}.Debug|Any CPU.Build.0 = Debug|Any CPU
		{6D3424F6-2F65-42EB-83AF-0F4C2186B898}.Release|Any CPU.ActiveCfg = Release|Any CPU
		{6D3424F6-2F65-42EB-83AF-0F4C2186B898}.Release|Any CPU.Build.0 = Release|Any CPU
		{42ECBDFA-C913-4614-87CE-C722CB938E74}.Debug|Any CPU.ActiveCfg = Debug|Any CPU
		{42ECBDFA-C913-4614-87CE-C722CB938E74}.Debug|Any CPU.Build.0 = Debug|Any CPU
		{42ECBDFA-C913-4614-87CE-C722CB938E74}.Release|Any CPU.ActiveCfg = Release|Any CPU
		{42ECBDFA-C913-4614-87CE-C722CB938E74}.Release|Any CPU.Build.0 = Release|Any CPU
	EndGlobalSection
	GlobalSection(SolutionProperties) = preSolution
		HideSolutionNode = FALSE
	EndGlobalSection
EndGlobal
